
Microsoft Visual Studio Solution File, Format Version 12.00
# Visual Studio Version 16
VisualStudioVersion = 16.0.30804.86
MinimumVisualStudioVersion = 10.0.40219.1
Project("{FAE04EC0-301F-11D3-BF4B-00C04F79EFBC}") = "MoDuit", "MoDuit.csproj", "{D697B4B2-B60C-4F0F-BC14-1AA5BAA30D7D}"
EndProject
Global
	GlobalSection(SolutionConfigurationPlatforms) = preSolution
		Debug|Any CPU = Debug|Any CPU
		Release|Any CPU = Release|Any CPU
	EndGlobalSection
	GlobalSection(ProjectConfigurationPlatforms) = postSolution
		{D697B4B2-B60C-4F0F-BC14-1AA5BAA30D7D}.Debug|Any CPU.ActiveCfg = Debug|Any CPU
		{D697B4B2-B60C-4F0F-BC14-1AA5BAA30D7D}.Debug|Any CPU.Build.0 = Debug|Any CPU
		{D697B4B2-B60C-4F0F-BC14-1AA5BAA30D7D}.Release|Any CPU.ActiveCfg = Release|Any CPU
		{D697B4B2-B60C-4F0F-BC14-1AA5BAA30D7D}.Release|Any CPU.Build.0 = Release|Any CPU
	EndGlobalSection
	GlobalSection(SolutionProperties) = preSolution
		HideSolutionNode = FALSE
	EndGlobalSection
	GlobalSection(ExtensibilityGlobals) = postSolution
		SolutionGuid = {97398824-8C8F-488A-9312-AB75860D9BB4}
	EndGlobalSection
EndGlobal
